{
    "_readme": [
        "This file locks the dependencies of your project to a known state",
        "Read more about it at https://getcomposer.org/doc/01-basic-usage.md#composer-lock-the-lock-file",
        "This file is @generated automatically"
    ],
    "content-hash": "f3de0097b3c9041a1ce471f9046a9a29",
    "packages": [
        {
            "name": "paymentspring/paymentspring-php",
            "version": "dev-master",
            "source": {
                "type": "git",
                "url": "https://github.com/paymentspring/paymentspring-php.git",
                "reference": "e99762fb4c63f51d0a7ac361e22350d630fc3182"
            },
            "dist": {
                "type": "zip",
                "url": "https://api.github.com/repos/paymentspring/paymentspring-php/zipball/e99762fb4c63f51d0a7ac361e22350d630fc3182",
                "reference": "e99762fb4c63f51d0a7ac361e22350d630fc3182",
                "shasum": ""
            },
            "require": {
                "php": ">=5.4"
            },
            "type": "package",
            "autoload": {
                "files": [
                    "init.php"
                ]
            },
            "notification-url": "https://packagist.org/downloads/",
            "license": [
                "GPL-2.0"
            ],
            "authors": [
                {
                    "name": "PaymentSpring",
                    "email": "support@paymentspring.com"
                }
            ],
            "description": "PHP library for the PaymentSpring API",
            "keywords": [
                "api",
                "payments",
                "paymentspring"
            ],
            "time": "2017-04-12 16:56:20"
        },
        {
            "name": "twig/twig",
            "version": "v1.33.1",
            "source": {
                "type": "git",
                "url": "https://github.com/twigphp/Twig.git",
                "reference": "a87f959f4b691da66aada267a2dfdb260d0bb58a"
            },
            "dist": {
                "type": "zip",
                "url": "https://api.github.com/repos/twigphp/Twig/zipball/a87f959f4b691da66aada267a2dfdb260d0bb58a",
                "reference": "a87f959f4b691da66aada267a2dfdb260d0bb58a",
                "shasum": ""
            },
            "require": {
                "php": ">=5.2.7"
            },
            "require-dev": {
                "psr/container": "^1.0",
                "symfony/debug": "~2.7",
                "symfony/phpunit-bridge": "~3.3@dev"
            },
            "type": "library",
            "extra": {
                "branch-alias": {
                    "dev-master": "1.33-dev"
                }
            },
            "autoload": {
                "psr-0": {
                    "Twig_": "lib/"
                }
            },
            "notification-url": "https://packagist.org/downloads/",
            "license": [
                "BSD-3-Clause"
            ],
            "authors": [
                {
                    "name": "Fabien Potencier",
                    "email": "fabien@symfony.com",
                    "homepage": "http://fabien.potencier.org",
                    "role": "Lead Developer"
                },
                {
                    "name": "Armin Ronacher",
                    "email": "armin.ronacher@active-4.com",
                    "role": "Project Founder"
                },
                {
                    "name": "Twig Team",
                    "homepage": "http://twig.sensiolabs.org/contributors",
                    "role": "Contributors"
                }
            ],
            "description": "Twig, the flexible, fast, and secure template language for PHP",
            "homepage": "http://twig.sensiolabs.org",
            "keywords": [
                "templating"
            ],
            "time": "2017-04-18T21:43:11+00:00"
        }
    ],
    "packages-dev": [],
    "aliases": [],
    "minimum-stability": "stable",
    "stability-flags": {
        "paymentspring/paymentspring-php": 20
    },
    "prefer-stable": false,
    "prefer-lowest": false,
    "platform": [],
    "platform-dev": []
}
